// !$*UTF8*$!
{
	archiveVersion = 1;
	classes = {
	};
	objectVersion = 77;
	objects = {

/* Begin PBXBuildFile section */
		08FD9FD72EBF1F75D4B406D2 /* CoreDesign in Frameworks */ = {isa = PBXBuildFile; productRef = EBA00C473491FA57B29E5630 /* CoreDesign */; };
		27EB033D8AD7A9B5099297D5 /* ContentView.swift in Sources */ = {isa = PBXBuildFile; fileRef = 68F69BA38AFE90DFB4E401E0 /* ContentView.swift */; };
		3E5099C8C6F956B421A96BBC /* Previews.swift in Sources */ = {isa = PBXBuildFile; fileRef = B59D812CBA2BDD39DDD346DF /* Previews.swift */; };
		6B076051E4E7C45A0255CC10 /* SnapshottingTests in Frameworks */ = {isa = PBXBuildFile; productRef = B3CAFA69E662260D31144800 /* SnapshottingTests */; };
		715BEAF4F28D020CADC620E9 /* ComponentData.swift in Sources */ = {isa = PBXBuildFile; fileRef = 890B70C2CB6F53C36F98AE2F /* ComponentData.swift */; };
		B6336A1BB6321900BC76B295 /* ComponentDetail.swift in Sources */ = {isa = PBXBuildFile; fileRef = 457D5F18DBF5AA8DBFC6F21D /* ComponentDetail.swift */; };
		D00A0DCAF78B65FAC4A7C3E2 /* SnapshotTests.swift in Sources */ = {isa = PBXBuildFile; fileRef = C97FE730CB5504ABEE89CB4C /* SnapshotTests.swift */; };
		DF465E35F74B3080C9B7FBEF /* App.swift in Sources */ = {isa = PBXBuildFile; fileRef = 03A29E7FA95EC2FF845D0D21 /* App.swift */; };
/* End PBXBuildFile section */

/* Begin PBXContainerItemProxy section */
		EC9D833E5A68379361C9E9BD /* PBXContainerItemProxy */ = {
			isa = PBXContainerItemProxy;
			containerPortal = 1DDFCE66E44CEA5C5BA41392 /* Project object */;
			proxyType = 1;
			remoteGlobalIDString = 2E048D17DF443BE187F043C8;
			remoteInfo = CoreDesignPreview;
		};
/* End PBXContainerItemProxy section */

/* Begin PBXFileReference section */
		03A29E7FA95EC2FF845D0D21 /* App.swift */ = {isa = PBXFileReference; lastKnownFileType = sourcecode.swift; path = App.swift; sourceTree = "<group>"; };
		457D5F18DBF5AA8DBFC6F21D /* ComponentDetail.swift */ = {isa = PBXFileReference; lastKnownFileType = sourcecode.swift; path = ComponentDetail.swift; sourceTree = "<group>"; };
		4FDABA31E8A0B1BE5894093A /* SnapshotTests.xctest */ = {isa = PBXFileReference; includeInIndex = 0; lastKnownFileType = wrapper.cfbundle; path = SnapshotTests.xctest; sourceTree = BUILT_PRODUCTS_DIR; };
		6104B42A36BCBCA754032665 /* CoreDesign */ = {isa = PBXFileReference; lastKnownFileType = folder; name = CoreDesign; path = ..; sourceTree = SOURCE_ROOT; };
		68F69BA38AFE90DFB4E401E0 /* ContentView.swift */ = {isa = PBXFileReference; lastKnownFileType = sourcecode.swift; path = ContentView.swift; sourceTree = "<group>"; };
		890B70C2CB6F53C36F98AE2F /* ComponentData.swift */ = {isa = PBXFileReference; lastKnownFileType = sourcecode.swift; path = ComponentData.swift; sourceTree = "<group>"; };
		B59D812CBA2BDD39DDD346DF /* Previews.swift */ = {isa = PBXFileReference; lastKnownFileType = sourcecode.swift; path = Previews.swift; sourceTree = "<group>"; };
		C97FE730CB5504ABEE89CB4C /* SnapshotTests.swift */ = {isa = PBXFileReference; lastKnownFileType = sourcecode.swift; path = SnapshotTests.swift; sourceTree = "<group>"; };
		F7DAB2075D696E1C1D349E93 /* CoreDesignPreview.app */ = {isa = PBXFileReference; includeInIndex = 0; lastKnownFileType = wrapper.application; path = CoreDesignPreview.app; sourceTree = BUILT_PRODUCTS_DIR; };
/* End PBXFileReference section */

/* Begin PBXFrameworksBuildPhase section */
		2A27465B3424672063B1A0B0 /* Frameworks */ = {
			isa = PBXFrameworksBuildPhase;
			buildActionMask = 2147483647;
			files = (
				6B076051E4E7C45A0255CC10 /* SnapshottingTests in Frameworks */,
			);
			runOnlyForDeploymentPostprocessing = 0;
		};
		B31DA78954E075605F8640B5 /* Frameworks */ = {
			isa = PBXFrameworksBuildPhase;
			buildActionMask = 2147483647;
			files = (
				08FD9FD72EBF1F75D4B406D2 /* CoreDesign in Frameworks */,
			);
			runOnlyForDeploymentPostprocessing = 0;
		};
/* End PBXFrameworksBuildPhase section */

/* Begin PBXGroup section */
		356EDC8FA2DA87B661C90CF9 /* Tests */ = {
			isa = PBXGroup;
			children = (
				C97FE730CB5504ABEE89CB4C /* SnapshotTests.swift */,
			);
			path = Tests;
			sourceTree = "<group>";
		};
		4CDEB2A18BA29C834E1CA521 = {
			isa = PBXGroup;
			children = (
				69D5BF84801C7F3EC8E8DC37 /* Packages */,
				A49A759B2219280919F68518 /* Sources */,
				356EDC8FA2DA87B661C90CF9 /* Tests */,
				9392F6A38887FD9DFEA291A2 /* Products */,
			);
			sourceTree = "<group>";
		};
		69D5BF84801C7F3EC8E8DC37 /* Packages */ = {
			isa = PBXGroup;
			children = (
				6104B42A36BCBCA754032665 /* CoreDesign */,
			);
			name = Packages;
			sourceTree = "<group>";
		};
		9392F6A38887FD9DFEA291A2 /* Products */ = {
			isa = PBXGroup;
			children = (
				F7DAB2075D696E1C1D349E93 /* CoreDesignPreview.app */,
				4FDABA31E8A0B1BE5894093A /* SnapshotTests.xctest */,
			);
			name = Products;
			sourceTree = "<group>";
		};
		A49A759B2219280919F68518 /* Sources */ = {
			isa = PBXGroup;
			children = (
				03A29E7FA95EC2FF845D0D21 /* App.swift */,
				890B70C2CB6F53C36F98AE2F /* ComponentData.swift */,
				457D5F18DBF5AA8DBFC6F21D /* ComponentDetail.swift */,
				68F69BA38AFE90DFB4E401E0 /* ContentView.swift */,
				B59D812CBA2BDD39DDD346DF /* Previews.swift */,
			);
			path = Sources;
			sourceTree = "<group>";
		};
/* End PBXGroup section */

/* Begin PBXNativeTarget section */
		08876CC2FADE14F25710377E /* SnapshotTests */ = {
			isa = PBXNativeTarget;
			buildConfigurationList = 2DCF15C50647AEBCC4C1DF91 /* Build configuration list for PBXNativeTarget "SnapshotTests" */;
			buildPhases = (
				2A60EB31D3171A433772F230 /* Sources */,
				2A27465B3424672063B1A0B0 /* Frameworks */,
			);
			buildRules = (
			);
			dependencies = (
				C1D5FC5D6589B0A8281E6C17 /* PBXTargetDependency */,
			);
			name = SnapshotTests;
			packageProductDependencies = (
				B3CAFA69E662260D31144800 /* SnapshottingTests */,
			);
			productName = SnapshotTests;
			productReference = 4FDABA31E8A0B1BE5894093A /* SnapshotTests.xctest */;
			productType = "com.apple.product-type.bundle.unit-test";
		};
		2E048D17DF443BE187F043C8 /* CoreDesignPreview */ = {
			isa = PBXNativeTarget;
			buildConfigurationList = 69733071D9395C76B7894EBB /* Build configuration list for PBXNativeTarget "CoreDesignPreview" */;
			buildPhases = (
				76C9AC6426CA057446C003A3 /* Sources */,
				B31DA78954E075605F8640B5 /* Frameworks */,
			);
			buildRules = (
			);
			dependencies = (
			);
			name = CoreDesignPreview;
			packageProductDependencies = (
				EBA00C473491FA57B29E5630 /* CoreDesign */,
			);
			productName = CoreDesignPreview;
			productReference = F7DAB2075D696E1C1D349E93 /* CoreDesignPreview.app */;
			productType = "com.apple.product-type.application";
		};
/* End PBXNativeTarget section */

/* Begin PBXProject section */
		1DDFCE66E44CEA5C5BA41392 /* Project object */ = {
			isa = PBXProject;
			attributes = {
				BuildIndependentTargetsInParallel = YES;
				LastUpgradeCheck = 1600;
				TargetAttributes = {
				};
			};
			buildConfigurationList = 4CBFFC06876C9DACB5A28A92 /* Build configuration list for PBXProject "CoreDesignPreview" */;
			developmentRegion = en;
			hasScannedForEncodings = 0;
			knownRegions = (
				Base,
				en,
			);
			mainGroup = 4CDEB2A18BA29C834E1CA521;
			minimizedProjectReferenceProxies = 1;
			packageReferences = (
				B73458327784462E022339B9 /* XCRemoteSwiftPackageReference "SnapshotPreviews" */,
				8B8C61C1807EF33E79327904 /* XCLocalSwiftPackageReference "..//" */,
			);
			preferredProjectObjectVersion = 77;
			productRefGroup = 9392F6A38887FD9DFEA291A2 /* Products */;
			projectDirPath = "";
			projectRoot = "";
			targets = (
				2E048D17DF443BE187F043C8 /* CoreDesignPreview */,
				08876CC2FADE14F25710377E /* SnapshotTests */,
			);
		};
/* End PBXProject section */

/* Begin PBXSourcesBuildPhase section */
		2A60EB31D3171A433772F230 /* Sources */ = {
			isa = PBXSourcesBuildPhase;
			buildActionMask = 2147483647;
			files = (
				D00A0DCAF78B65FAC4A7C3E2 /* SnapshotTests.swift in Sources */,
			);
			runOnlyForDeploymentPostprocessing = 0;
		};
		76C9AC6426CA057446C003A3 /* Sources */ = {
			isa = PBXSourcesBuildPhase;
			buildActionMask = 2147483647;
			files = (
				DF465E35F74B3080C9B7FBEF /* App.swift in Sources */,
				715BEAF4F28D020CADC620E9 /* ComponentData.swift in Sources */,
				B6336A1BB6321900BC76B295 /* ComponentDetail.swift in Sources */,
				27EB033D8AD7A9B5099297D5 /* ContentView.swift in Sources */,
				3E5099C8C6F956B421A96BBC /* Previews.swift in Sources */,
			);
			runOnlyForDeploymentPostprocessing = 0;
		};
/* End PBXSourcesBuildPhase section */

/* Begin PBXTargetDependency section */
		C1D5FC5D6589B0A8281E6C17 /* PBXTargetDependency */ = {
			isa = PBXTargetDependency;
			target = 2E048D17DF443BE187F043C8 /* CoreDesignPreview */;
			targetProxy = EC9D833E5A68379361C9E9BD /* PBXContainerItemProxy */;
		};
/* End PBXTargetDependency section */

/* Begin XCBuildConfiguration section */
		21915A0EAE959EDDC9DD9B18 /* Debug */ = {
			isa = XCBuildConfiguration;
			buildSettings = {
				ALWAYS_SEARCH_USER_PATHS = NO;
				CLANG_ANALYZER_NONNULL = YES;
				CLANG_ANALYZER_NUMBER_OBJECT_CONVERSION = YES_AGGRESSIVE;
				CLANG_CXX_LANGUAGE_STANDARD = "gnu++14";
				CLANG_CXX_LIBRARY = "libc++";
				CLANG_ENABLE_MODULES = YES;
				CLANG_ENABLE_OBJC_ARC = YES;
				CLANG_ENABLE_OBJC_WEAK = YES;
				CLANG_WARN_BLOCK_CAPTURE_AUTORELEASING = YES;
				CLANG_WARN_BOOL_CONVERSION = YES;
				CLANG_WARN_COMMA = YES;
				CLANG_WARN_CONSTANT_CONVERSION = YES;
				CLANG_WARN_DEPRECATED_OBJC_IMPLEMENTATIONS = YES;
				CLANG_WARN_DIRECT_OBJC_ISA_USAGE = YES_ERROR;
				CLANG_WARN_DOCUMENTATION_COMMENTS = YES;
				CLANG_WARN_EMPTY_BODY = YES;
				CLANG_WARN_ENUM_CONVERSION = YES;
				CLANG_WARN_INFINITE_RECURSION = YES;
				CLANG_WARN_INT_CONVERSION = YES;
				CLANG_WARN_NON_LITERAL_NULL_CONVERSION = YES;
				CLANG_WARN_OBJC_IMPLICIT_RETAIN_SELF = YES;
				CLANG_WARN_OBJC_LITERAL_CONVERSION = YES;
				CLANG_WARN_OBJC_ROOT_CLASS = YES_ERROR;
				CLANG_WARN_QUOTED_INCLUDE_IN_FRAMEWORK_HEADER = YES;
				CLANG_WARN_RANGE_LOOP_ANALYSIS = YES;
				CLANG_WARN_STRICT_PROTOTYPES = YES;
				CLANG_WARN_SUSPICIOUS_MOVE = YES;
				CLANG_WARN_UNGUARDED_AVAILABILITY = YES_AGGRESSIVE;
				CLANG_WARN_UNREACHABLE_CODE = YES;
				CLANG_WARN__DUPLICATE_METHOD_MATCH = YES;
				COPY_PHASE_STRIP = NO;
				DEBUG_INFORMATION_FORMAT = dwarf;
				ENABLE_STRICT_OBJC_MSGSEND = YES;
				ENABLE_TESTABILITY = YES;
				GCC_C_LANGUAGE_STANDARD = gnu11;
				GCC_DYNAMIC_NO_PIC = NO;
				GCC_NO_COMMON_BLOCKS = YES;
				GCC_OPTIMIZATION_LEVEL = 0;
				GCC_PREPROCESSOR_DEFINITIONS = (
					"$(inherited)",
					"DEBUG=1",
				);
				GCC_WARN_64_TO_32_BIT_CONVERSION = YES;
				GCC_WARN_ABOUT_RETURN_TYPE = YES_ERROR;
				GCC_WARN_UNDECLARED_SELECTOR = YES;
				GCC_WARN_UNINITIALIZED_AUTOS = YES_AGGRESSIVE;
				GCC_WARN_UNUSED_FUNCTION = YES;
				GCC_WARN_UNUSED_VARIABLE = YES;
				IPHONEOS_DEPLOYMENT_TARGET = 26.0;
				MTL_ENABLE_DEBUG_INFO = INCLUDE_SOURCE;
				MTL_FAST_MATH = YES;
				ONLY_ACTIVE_ARCH = YES;
				PRODUCT_NAME = "$(TARGET_NAME)";
				SDKROOT = iphoneos;
				SWIFT_ACTIVE_COMPILATION_CONDITIONS = DEBUG;
				SWIFT_OPTIMIZATION_LEVEL = "-Onone";
				SWIFT_VERSION = 5.0;
			};
			name = Debug;
		};
		2F001C57C3AF183CA1ED554A /* Release */ = {
			isa = XCBuildConfiguration;
			buildSettings = {
				ASSETCATALOG_COMPILER_APPICON_NAME = AppIcon;
				CODE_SIGN_IDENTITY = "iPhone Developer";
				GENERATE_INFOPLIST_FILE = YES;
				INFOPLIST_FILE = "";
				LD_RUNPATH_SEARCH_PATHS = (
					"$(inherited)",
					"@executable_path/Frameworks",
				);
				PRODUCT_BUNDLE_IDENTIFIER = com.coredesign.CoreDesignPreview;
				SDKROOT = iphoneos;
				SWIFT_VERSION = 6.0;
				TARGETED_DEVICE_FAMILY = 1;
			};
			name = Release;
		};
		AD2A4C75B686554716D826A1 /* Debug */ = {
			isa = XCBuildConfiguration;
			buildSettings = {
				ASSETCATALOG_COMPILER_APPICON_NAME = AppIcon;
				CODE_SIGN_IDENTITY = "iPhone Developer";
				GENERATE_INFOPLIST_FILE = YES;
				INFOPLIST_FILE = "";
				LD_RUNPATH_SEARCH_PATHS = (
					"$(inherited)",
					"@executable_path/Frameworks",
				);
				PRODUCT_BUNDLE_IDENTIFIER = com.coredesign.CoreDesignPreview;
				SDKROOT = iphoneos;
				SWIFT_VERSION = 6.0;
				TARGETED_DEVICE_FAMILY = 1;
			};
			name = Debug;
		};
		CF18DD61CBEA1506C34E23D9 /* Release */ = {
			isa = XCBuildConfiguration;
			buildSettings = {
				ALWAYS_SEARCH_USER_PATHS = NO;
				CLANG_ANALYZER_NONNULL = YES;
				CLANG_ANALYZER_NUMBER_OBJECT_CONVERSION = YES_AGGRESSIVE;
				CLANG_CXX_LANGUAGE_STANDARD = "gnu++14";
				CLANG_CXX_LIBRARY = "libc++";
				CLANG_ENABLE_MODULES = YES;
				CLANG_ENABLE_OBJC_ARC = YES;
				CLANG_ENABLE_OBJC_WEAK = YES;
				CLANG_WARN_BLOCK_CAPTURE_AUTORELEASING = YES;
				CLANG_WARN_BOOL_CONVERSION = YES;
				CLANG_WARN_COMMA = YES;
				CLANG_WARN_CONSTANT_CONVERSION = YES;
				CLANG_WARN_DEPRECATED_OBJC_IMPLEMENTATIONS = YES;
				CLANG_WARN_DIRECT_OBJC_ISA_USAGE = YES_ERROR;
				CLANG_WARN_DOCUMENTATION_COMMENTS = YES;
				CLANG_WARN_EMPTY_BODY = YES;
				CLANG_WARN_ENUM_CONVERSION = YES;
				CLANG_WARN_INFINITE_RECURSION = YES;
				CLANG_WARN_INT_CONVERSION = YES;
				CLANG_WARN_NON_LITERAL_NULL_CONVERSION = YES;
				CLANG_WARN_OBJC_IMPLICIT_RETAIN_SELF = YES;
				CLANG_WARN_OBJC_LITERAL_CONVERSION = YES;
				CLANG_WARN_OBJC_ROOT_CLASS = YES_ERROR;
				CLANG_WARN_QUOTED_INCLUDE_IN_FRAMEWORK_HEADER = YES;
				CLANG_WARN_RANGE_LOOP_ANALYSIS = YES;
				CLANG_WARN_STRICT_PROTOTYPES = YES;
				CLANG_WARN_SUSPICIOUS_MOVE = YES;
				CLANG_WARN_UNGUARDED_AVAILABILITY = YES_AGGRESSIVE;
				CLANG_WARN_UNREACHABLE_CODE = YES;
				CLANG_WARN__DUPLICATE_METHOD_MATCH = YES;
				COPY_PHASE_STRIP = NO;
				DEBUG_INFORMATION_FORMAT = "dwarf-with-dsym";
				ENABLE_NS_ASSERTIONS = NO;
				ENABLE_STRICT_OBJC_MSGSEND = YES;
				GCC_C_LANGUAGE_STANDARD = gnu11;
				GCC_NO_COMMON_BLOCKS = YES;
				GCC_WARN_64_TO_32_BIT_CONVERSION = YES;
				GCC_WARN_ABOUT_RETURN_TYPE = YES_ERROR;
				GCC_WARN_UNDECLARED_SELECTOR = YES;
				GCC_WARN_UNINITIALIZED_AUTOS = YES_AGGRESSIVE;
				GCC_WARN_UNUSED_FUNCTION = YES;
				GCC_WARN_UNUSED_VARIABLE = YES;
				IPHONEOS_DEPLOYMENT_TARGET = 26.0;
				MTL_ENABLE_DEBUG_INFO = NO;
				MTL_FAST_MATH = YES;
				PRODUCT_NAME = "$(TARGET_NAME)";
				SDKROOT = iphoneos;
				SWIFT_COMPILATION_MODE = wholemodule;
				SWIFT_OPTIMIZATION_LEVEL = "-O";
				SWIFT_VERSION = 5.0;
			};
			name = Release;
		};
		F4ECD0C2241031E6CDD3E44C /* Debug */ = {
			isa = XCBuildConfiguration;
			buildSettings = {
				BUNDLE_LOADER = "$(TEST_HOST)";
				GENERATE_INFOPLIST_FILE = YES;
				INFOPLIST_FILE = "";
				LD_RUNPATH_SEARCH_PATHS = (
					"$(inherited)",
					"@executable_path/Frameworks",
					"@loader_path/Frameworks",
				);
				PRODUCT_BUNDLE_IDENTIFIER = com.coredesign.SnapshotTests;
				SDKROOT = iphoneos;
				SWIFT_VERSION = 6.0;
				TARGETED_DEVICE_FAMILY = "1,2";
				TEST_HOST = "$(BUILT_PRODUCTS_DIR)/CoreDesignPreview.app/CoreDesignPreview";
			};
			name = Debug;
		};
		F5AE6D734DEF17C608AA61AE /* Release */ = {
			isa = XCBuildConfiguration;
			buildSettings = {
				BUNDLE_LOADER = "$(TEST_HOST)";
				GENERATE_INFOPLIST_FILE = YES;
				INFOPLIST_FILE = "";
				LD_RUNPATH_SEARCH_PATHS = (
					"$(inherited)",
					"@executable_path/Frameworks",
					"@loader_path/Frameworks",
				);
				PRODUCT_BUNDLE_IDENTIFIER = com.coredesign.SnapshotTests;
				SDKROOT = iphoneos;
				SWIFT_VERSION = 6.0;
				TARGETED_DEVICE_FAMILY = "1,2";
				TEST_HOST = "$(BUILT_PRODUCTS_DIR)/CoreDesignPreview.app/CoreDesignPreview";
			};
			name = Release;
		};
/* End XCBuildConfiguration section */

/* Begin XCConfigurationList section */
		2DCF15C50647AEBCC4C1DF91 /* Build configuration list for PBXNativeTarget "SnapshotTests" */ = {
			isa = XCConfigurationList;
			buildConfigurations = (
				F4ECD0C2241031E6CDD3E44C /* Debug */,
				F5AE6D734DEF17C608AA61AE /* Release */,
			);
			defaultConfigurationIsVisible = 0;
			defaultConfigurationName = Debug;
		};
		4CBFFC06876C9DACB5A28A92 /* Build configuration list for PBXProject "CoreDesignPreview" */ = {
			isa = XCConfigurationList;
			buildConfigurations = (
				21915A0EAE959EDDC9DD9B18 /* Debug */,
				CF18DD61CBEA1506C34E23D9 /* Release */,
			);
			defaultConfigurationIsVisible = 0;
			defaultConfigurationName = Debug;
		};
		69733071D9395C76B7894EBB /* Build configuration list for PBXNativeTarget "CoreDesignPreview" */ = {
			isa = XCConfigurationList;
			buildConfigurations = (
				AD2A4C75B686554716D826A1 /* Debug */,
				2F001C57C3AF183CA1ED554A /* Release */,
			);
			defaultConfigurationIsVisible = 0;
			defaultConfigurationName = Debug;
		};
/* End XCConfigurationList section */

/* Begin XCLocalSwiftPackageReference section */
		8B8C61C1807EF33E79327904 /* XCLocalSwiftPackageReference "..//" */ = {
			isa = XCLocalSwiftPackageReference;
			relativePath = "..//";
		};
/* End XCLocalSwiftPackageReference section */

/* Begin XCRemoteSwiftPackageReference section */
		B73458327784462E022339B9 /* XCRemoteSwiftPackageReference "SnapshotPreviews" */ = {
			isa = XCRemoteSwiftPackageReference;
			repositoryURL = "https://github.com/EmergeTools/SnapshotPreviews";
			requirement = {
				kind = exactVersion;
				version = 0.14.0;
			};
		};
/* End XCRemoteSwiftPackageReference section */

/* Begin XCSwiftPackageProductDependency section */
		B3CAFA69E662260D31144800 /* SnapshottingTests */ = {
			isa = XCSwiftPackageProductDependency;
			package = B73458327784462E022339B9 /* XCRemoteSwiftPackageReference "SnapshotPreviews" */;
			productName = SnapshottingTests;
		};
		EBA00C473491FA57B29E5630 /* CoreDesign */ = {
			isa = XCSwiftPackageProductDependency;
			productName = CoreDesign;
		};
/* End XCSwiftPackageProductDependency section */
	};
	rootObject = 1DDFCE66E44CEA5C5BA41392 /* Project object */;
}
